{
  "nodes": {
    "nixpkgs": {
      "locked": {
        "lastModified": 1696356164,
        "narHash": "sha256-5jGwl4z0K/nDjeYqR29lEe7Mg7hPDoCBlb17fqZQgxo=",
        "owner": "NixOS",
        "repo": "nixpkgs",
        "rev": "f227f12d246b1e7916993c1e4c66f9f185d94586",
        "type": "github"
      },
      "original": {
        "owner": "NixOS",
        "ref": "nixpkgs-unstable",
        "repo": "nixpkgs",
        "type": "github"
      }
    },
    "root": {
      "inputs": {
        "nixpkgs": "nixpkgs",
        "scss-reset": "scss-reset"
      }
    },
    "scss-reset": {
      "flake": false,
      "locked": {
        "lastModified": 1631450058,
        "narHash": "sha256-muDlZJPtXDIGevSEWkicPP0HQ6VtucbkMNygpGlBEUM=",
        "owner": "andreymatin",
        "repo": "scss-reset",
        "rev": "0cf50e27a4e95e9bb5b1715eedf9c54dee1a5a91",
        "type": "github"
      },
      "original": {
        "owner": "andreymatin",
        "repo": "scss-reset",
        "type": "github"
      }
    }
  },
  "root": "root",
  "version": 7
}
